
Microsoft Visual Studio Solution File, Format Version 12.00
# Visual Studio 14
VisualStudioVersion = 14.0.23107.0
MinimumVisualStudioVersion = 10.0.40219.1
Project("{FAE04EC0-301F-11D3-BF4B-00C04F79EFBC}") = "Sabine.OpenXml", "Sabine.OpenXml\Sabine.OpenXml.csproj", "{7D9E4C73-9DAF-473A-93E3-2853F5DB0215}"
EndProject
Project("{FAE04EC0-301F-11D3-BF4B-00C04F79EFBC}") = "Test", "Test\Test.csproj", "{A9D9C312-5DAB-4C4F-AE76-D2DD4D77038C}"
EndProject
Global
	GlobalSection(SolutionConfigurationPlatforms) = preSolution
		Debug|Any CPU = Debug|Any CPU
		Release|Any CPU = Release|Any CPU
	EndGlobalSection
	GlobalSection(ProjectConfigurationPlatforms) = postSolution
		{7D9E4C73-9DAF-473A-93E3-2853F5DB0215}.Debug|Any CPU.ActiveCfg = Debug|Any CPU
		{7D9E4C73-9DAF-473A-93E3-2853F5DB0215}.Debug|Any CPU.Build.0 = Debug|Any CPU
		{7D9E4C73-9DAF-473A-93E3-2853F5DB0215}.Release|Any CPU.ActiveCfg = Release|Any CPU
		{7D9E4C73-9DAF-473A-93E3-2853F5DB0215}.Release|Any CPU.Build.0 = Release|Any CPU
		{A9D9C312-5DAB-4C4F-AE76-D2DD4D77038C}.Debug|Any CPU.ActiveCfg = Debug|Any CPU
		{A9D9C312-5DAB-4C4F-AE76-D2DD4D77038C}.Debug|Any CPU.Build.0 = Debug|Any CPU
		{A9D9C312-5DAB-4C4F-AE76-D2DD4D77038C}.Release|Any CPU.ActiveCfg = Release|Any CPU
		{A9D9C312-5DAB-4C4F-AE76-D2DD4D77038C}.Release|Any CPU.Build.0 = Release|Any CPU
	EndGlobalSection
	GlobalSection(SolutionProperties) = preSolution
		HideSolutionNode = FALSE
	EndGlobalSection
EndGlobal
